
Microsoft Visual Studio Solution File, Format Version 12.00
# Visual Studio 15
Project("{FAE04EC0-301F-11D3-BF4B-00C04F79EFBC}") = "Assembly-CSharp", "Assembly-CSharp.csproj", "{DA6C47DA-8EB0-A774-2C29-B0DAB928657A}"
EndProject
Project("{FAE04EC0-301F-11D3-BF4B-00C04F79EFBC}") = "Assembly-CSharp-firstpass", "Assembly-CSharp-firstpass.csproj", "{8CDBFC04-FC52-9BBA-0788-08426E668A14}"
EndProject
Global
	GlobalSection(SolutionConfigurationPlatforms) = preSolution
		Debug|Any CPU = Debug|Any CPU
		Release|Any CPU = Release|Any CPU
	EndGlobalSection
	GlobalSection(ProjectConfigurationPlatforms) = postSolution
		{DA6C47DA-8EB0-A774-2C29-B0DAB928657A}.Debug|Any CPU.ActiveCfg = Debug|Any CPU
		{DA6C47DA-8EB0-A774-2C29-B0DAB928657A}.Debug|Any CPU.Build.0 = Debug|Any CPU
		{DA6C47DA-8EB0-A774-2C29-B0DAB928657A}.Release|Any CPU.ActiveCfg = Release|Any CPU
		{DA6C47DA-8EB0-A774-2C29-B0DAB928657A}.Release|Any CPU.Build.0 = Release|Any CPU
		{8CDBFC04-FC52-9BBA-0788-08426E668A14}.Debug|Any CPU.ActiveCfg = Debug|Any CPU
		{8CDBFC04-FC52-9BBA-0788-08426E668A14}.Debug|Any CPU.Build.0 = Debug|Any CPU
		{8CDBFC04-FC52-9BBA-0788-08426E668A14}.Release|Any CPU.ActiveCfg = Release|Any CPU
		{8CDBFC04-FC52-9BBA-0788-08426E668A14}.Release|Any CPU.Build.0 = Release|Any CPU
	EndGlobalSection
	GlobalSection(SolutionProperties) = preSolution
		HideSolutionNode = FALSE
	EndGlobalSection
EndGlobal
