
Microsoft Visual Studio Solution File, Format Version 12.00
# Visual Studio 15
Project("{FAE04EC0-301F-11D3-BF4B-00C04F79EFBC}") = "Assembly-CSharp", "Assembly-CSharp.csproj", "{2D35EB17-A90E-42D6-6445-E287C2BA791D}"
EndProject
Project("{FAE04EC0-301F-11D3-BF4B-00C04F79EFBC}") = "Assembly-CSharp-firstpass", "Assembly-CSharp-firstpass.csproj", "{AD8562DD-E344-DA72-D75D-543B30D5FE74}"
EndProject
Global
	GlobalSection(SolutionConfigurationPlatforms) = preSolution
		Debug|Any CPU = Debug|Any CPU
		Release|Any CPU = Release|Any CPU
	EndGlobalSection
	GlobalSection(ProjectConfigurationPlatforms) = postSolution
		{2D35EB17-A90E-42D6-6445-E287C2BA791D}.Debug|Any CPU.ActiveCfg = Debug|Any CPU
		{2D35EB17-A90E-42D6-6445-E287C2BA791D}.Debug|Any CPU.Build.0 = Debug|Any CPU
		{2D35EB17-A90E-42D6-6445-E287C2BA791D}.Release|Any CPU.ActiveCfg = Release|Any CPU
		{2D35EB17-A90E-42D6-6445-E287C2BA791D}.Release|Any CPU.Build.0 = Release|Any CPU
		{AD8562DD-E344-DA72-D75D-543B30D5FE74}.Debug|Any CPU.ActiveCfg = Debug|Any CPU
		{AD8562DD-E344-DA72-D75D-543B30D5FE74}.Debug|Any CPU.Build.0 = Debug|Any CPU
		{AD8562DD-E344-DA72-D75D-543B30D5FE74}.Release|Any CPU.ActiveCfg = Release|Any CPU
		{AD8562DD-E344-DA72-D75D-543B30D5FE74}.Release|Any CPU.Build.0 = Release|Any CPU
	EndGlobalSection
	GlobalSection(SolutionProperties) = preSolution
		HideSolutionNode = FALSE
	EndGlobalSection
EndGlobal
